
Microsoft Visual Studio Solution File, Format Version 12.00
# Visual Studio 15
VisualStudioVersion = 15.0.28307.102
MinimumVisualStudioVersion = 10.0.40219.1
Project("{FAE04EC0-301F-11D3-BF4B-00C04F79EFBC}") = "HalloXamarinForms.Android", "HalloXamarinForms\HalloXamarinForms.Android\HalloXamarinForms.Android.csproj", "{7BBB77C2-A75B-4568-A86F-F732A8DD573C}"
EndProject
Project("{FAE04EC0-301F-11D3-BF4B-00C04F79EFBC}") = "HalloXamarinForms.iOS", "HalloXamarinForms\HalloXamarinForms.iOS\HalloXamarinForms.iOS.csproj", "{B04F8469-3216-428E-8AA9-7EB5EC525F8C}"
EndProject
Project("{FAE04EC0-301F-11D3-BF4B-00C04F79EFBC}") = "HalloXamarinForms.UWP", "HalloXamarinForms\HalloXamarinForms.UWP\HalloXamarinForms.UWP.csproj", "{CF761FA6-D0F7-406C-B67E-98B4917D6302}"
EndProject
Project("{9A19103F-16F7-4668-BE54-9A1E7A4F7556}") = "HalloXamarinForms", "HalloXamarinForms\HalloXamarinForms\HalloXamarinForms.csproj", "{57F322A5-ADDF-4777-B28E-0BCB071619CA}"
EndProject
Project("{2150E333-8FDC-42A3-9474-1A3956D46DE8}") = "HalloXForms", "HalloXForms", "{004DC352-B9BD-42F1-BD79-07B4FF7B2C5D}"
EndProject
Project("{FAE04EC0-301F-11D3-BF4B-00C04F79EFBC}") = "Steuerelemente.Android", "Steuerelemente\Steuerelemente.Android\Steuerelemente.Android.csproj", "{0AF58978-C630-4924-B234-848A159D3485}"
EndProject
Project("{FAE04EC0-301F-11D3-BF4B-00C04F79EFBC}") = "Steuerelemente.iOS", "Steuerelemente\Steuerelemente.iOS\Steuerelemente.iOS.csproj", "{D444D37A-3B8E-47FD-9E45-791F02A770D4}"
EndProject
Project("{FAE04EC0-301F-11D3-BF4B-00C04F79EFBC}") = "Steuerelemente.UWP", "Steuerelemente\Steuerelemente.UWP\Steuerelemente.UWP.csproj", "{FB3F74FA-6E13-4CF3-A440-8B4525607598}"
EndProject
Project("{9A19103F-16F7-4668-BE54-9A1E7A4F7556}") = "Steuerelemente", "Steuerelemente\Steuerelemente\Steuerelemente.csproj", "{7C05D3FC-57E3-42E6-B148-E7251F54F64A}"
EndProject
Project("{2150E333-8FDC-42A3-9474-1A3956D46DE8}") = "SteuerelementeXForms", "SteuerelementeXForms", "{501DAA4F-3FB7-4FBF-9954-2E3111ABF604}"
EndProject
Project("{FAE04EC0-301F-11D3-BF4B-00C04F79EFBC}") = "DatabindingDemo.Android", "DatabindingDemo\DatabindingDemo.Android\DatabindingDemo.Android.csproj", "{84905E4A-67EE-4F88-A39C-82F64A0639C3}"
EndProject
Project("{FAE04EC0-301F-11D3-BF4B-00C04F79EFBC}") = "DatabindingDemo.iOS", "DatabindingDemo\DatabindingDemo.iOS\DatabindingDemo.iOS.csproj", "{CAC5380B-0371-489C-9E53-C12C7FD66C32}"
EndProject
Project("{FAE04EC0-301F-11D3-BF4B-00C04F79EFBC}") = "DatabindingDemo.UWP", "DatabindingDemo\DatabindingDemo.UWP\DatabindingDemo.UWP.csproj", "{C18F0EFF-9F89-4883-8207-59EB8697188D}"
EndProject
Project("{FAE04EC0-301F-11D3-BF4B-00C04F79EFBC}") = "DatabindingDemo", "DatabindingDemo\DatabindingDemo\DatabindingDemo.csproj", "{B2DA1901-AC0F-48DC-A068-442DE5436987}"
EndProject
Global
	GlobalSection(SolutionConfigurationPlatforms) = preSolution
		Ad-Hoc|Any CPU = Ad-Hoc|Any CPU
		Ad-Hoc|ARM = Ad-Hoc|ARM
		Ad-Hoc|iPhone = Ad-Hoc|iPhone
		Ad-Hoc|iPhoneSimulator = Ad-Hoc|iPhoneSimulator
		Ad-Hoc|x64 = Ad-Hoc|x64
		Ad-Hoc|x86 = Ad-Hoc|x86
		AppStore|Any CPU = AppStore|Any CPU
		AppStore|ARM = AppStore|ARM
		AppStore|iPhone = AppStore|iPhone
		AppStore|iPhoneSimulator = AppStore|iPhoneSimulator
		AppStore|x64 = AppStore|x64
		AppStore|x86 = AppStore|x86
		Debug|Any CPU = Debug|Any CPU
		Debug|ARM = Debug|ARM
		Debug|iPhone = Debug|iPhone
		Debug|iPhoneSimulator = Debug|iPhoneSimulator
		Debug|x64 = Debug|x64
		Debug|x86 = Debug|x86
		Release|Any CPU = Release|Any CPU
		Release|ARM = Release|ARM
		Release|iPhone = Release|iPhone
		Release|iPhoneSimulator = Release|iPhoneSimulator
		Release|x64 = Release|x64
		Release|x86 = Release|x86
	EndGlobalSection
	GlobalSection(ProjectConfigurationPlatforms) = postSolution
		{7BBB77C2-A75B-4568-A86F-F732A8DD573C}.Ad-Hoc|Any CPU.ActiveCfg = Release|Any CPU
		{7BBB77C2-A75B-4568-A86F-F732A8DD573C}.Ad-Hoc|Any CPU.Build.0 = Release|Any CPU
		{7BBB77C2-A75B-4568-A86F-F732A8DD573C}.Ad-Hoc|Any CPU.Deploy.0 = Release|Any CPU
		{7BBB77C2-A75B-4568-A86F-F732A8DD573C}.Ad-Hoc|ARM.ActiveCfg = Release|Any CPU
		{7BBB77C2-A75B-4568-A86F-F732A8DD573C}.Ad-Hoc|ARM.Build.0 = Release|Any CPU
		{7BBB77C2-A75B-4568-A86F-F732A8DD573C}.Ad-Hoc|ARM.Deploy.0 = Release|Any CPU
		{7BBB77C2-A75B-4568-A86F-F732A8DD573C}.Ad-Hoc|iPhone.ActiveCfg = Release|Any CPU
		{7BBB77C2-A75B-4568-A86F-F732A8DD573C}.Ad-Hoc|iPhone.Build.0 = Release|Any CPU
		{7BBB77C2-A75B-4568-A86F-F732A8DD573C}.Ad-Hoc|iPhone.Deploy.0 = Release|Any CPU
		{7BBB77C2-A75B-4568-A86F-F732A8DD573C}.Ad-Hoc|iPhoneSimulator.ActiveCfg = Release|Any CPU
		{7BBB77C2-A75B-4568-A86F-F732A8DD573C}.Ad-Hoc|iPhoneSimulator.Build.0 = Release|Any CPU
		{7BBB77C2-A75B-4568-A86F-F732A8DD573C}.Ad-Hoc|iPhoneSimulator.Deploy.0 = Release|Any CPU
		{7BBB77C2-A75B-4568-A86F-F732A8DD573C}.Ad-Hoc|x64.ActiveCfg = Release|Any CPU
		{7BBB77C2-A75B-4568-A86F-F732A8DD573C}.Ad-Hoc|x64.Build.0 = Release|Any CPU
		{7BBB77C2-A75B-4568-A86F-F732A8DD573C}.Ad-Hoc|x64.Deploy.0 = Release|Any CPU
		{7BBB77C2-A75B-4568-A86F-F732A8DD573C}.Ad-Hoc|x86.ActiveCfg = Release|Any CPU
		{7BBB77C2-A75B-4568-A86F-F732A8DD573C}.Ad-Hoc|x86.Build.0 = Release|Any CPU
		{7BBB77C2-A75B-4568-A86F-F732A8DD573C}.Ad-Hoc|x86.Deploy.0 = Release|Any CPU
		{7BBB77C2-A75B-4568-A86F-F732A8DD573C}.AppStore|Any CPU.ActiveCfg = Release|Any CPU
		{7BBB77C2-A75B-4568-A86F-F732A8DD573C}.AppStore|Any CPU.Build.0 = Release|Any CPU
		{7BBB77C2-A75B-4568-A86F-F732A8DD573C}.AppStore|Any CPU.Deploy.0 = Release|Any CPU
		{7BBB77C2-A75B-4568-A86F-F732A8DD573C}.AppStore|ARM.ActiveCfg = Release|Any CPU
		{7BBB77C2-A75B-4568-A86F-F732A8DD573C}.AppStore|ARM.Build.0 = Release|Any CPU
		{7BBB77C2-A75B-4568-A86F-F732A8DD573C}.AppStore|ARM.Deploy.0 = Release|Any CPU
		{7BBB77C2-A75B-4568-A86F-F732A8DD573C}.AppStore|iPhone.ActiveCfg = Release|Any CPU
		{7BBB77C2-A75B-4568-A86F-F732A8DD573C}.AppStore|iPhone.Build.0 = Release|Any CPU
		{7BBB77C2-A75B-4568-A86F-F732A8DD573C}.AppStore|iPhone.Deploy.0 = Release|Any CPU
		{7BBB77C2-A75B-4568-A86F-F732A8DD573C}.AppStore|iPhoneSimulator.ActiveCfg = Release|Any CPU
		{7BBB77C2-A75B-4568-A86F-F732A8DD573C}.AppStore|iPhoneSimulator.Build.0 = Release|Any CPU
		{7BBB77C2-A75B-4568-A86F-F732A8DD573C}.AppStore|iPhoneSimulator.Deploy.0 = Release|Any CPU
		{7BBB77C2-A75B-4568-A86F-F732A8DD573C}.AppStore|x64.ActiveCfg = Release|Any CPU
		{7BBB77C2-A75B-4568-A86F-F732A8DD573C}.AppStore|x64.Build.0 = Release|Any CPU
		{7BBB77C2-A75B-4568-A86F-F732A8DD573C}.AppStore|x64.Deploy.0 = Release|Any CPU
		{7BBB77C2-A75B-4568-A86F-F732A8DD573C}.AppStore|x86.ActiveCfg = Release|Any CPU
		{7BBB77C2-A75B-4568-A86F-F732A8DD573C}.AppStore|x86.Build.0 = Release|Any CPU
		{7BBB77C2-A75B-4568-A86F-F732A8DD573C}.AppStore|x86.Deploy.0 = Release|Any CPU
		{7BBB77C2-A75B-4568-A86F-F732A8DD573C}.Debug|Any CPU.ActiveCfg = Debug|Any CPU
		{7BBB77C2-A75B-4568-A86F-F732A8DD573C}.Debug|Any CPU.Build.0 = Debug|Any CPU
		{7BBB77C2-A75B-4568-A86F-F732A8DD573C}.Debug|Any CPU.Deploy.0 = Debug|Any CPU
		{7BBB77C2-A75B-4568-A86F-F732A8DD573C}.Debug|ARM.ActiveCfg = Debug|Any CPU
		{7BBB77C2-A75B-4568-A86F-F732A8DD573C}.Debug|ARM.Build.0 = Debug|Any CPU
		{7BBB77C2-A75B-4568-A86F-F732A8DD573C}.Debug|ARM.Deploy.0 = Debug|Any CPU
		{7BBB77C2-A75B-4568-A86F-F732A8DD573C}.Debug|iPhone.ActiveCfg = Debug|Any CPU
		{7BBB77C2-A75B-4568-A86F-F732A8DD573C}.Debug|iPhone.Build.0 = Debug|Any CPU
		{7BBB77C2-A75B-4568-A86F-F732A8DD573C}.Debug|iPhone.Deploy.0 = Debug|Any CPU
		{7BBB77C2-A75B-4568-A86F-F732A8DD573C}.Debug|iPhoneSimulator.ActiveCfg = Debug|Any CPU
		{7BBB77C2-A75B-4568-A86F-F732A8DD573C}.Debug|iPhoneSimulator.Build.0 = Debug|Any CPU
		{7BBB77C2-A75B-4568-A86F-F732A8DD573C}.Debug|iPhoneSimulator.Deploy.0 = Debug|Any CPU
		{7BBB77C2-A75B-4568-A86F-F732A8DD573C}.Debug|x64.ActiveCfg = Debug|Any CPU
		{7BBB77C2-A75B-4568-A86F-F732A8DD573C}.Debug|x64.Build.0 = Debug|Any CPU
		{7BBB77C2-A75B-4568-A86F-F732A8DD573C}.Debug|x64.Deploy.0 = Debug|Any CPU
		{7BBB77C2-A75B-4568-A86F-F732A8DD573C}.Debug|x86.ActiveCfg = Debug|Any CPU
		{7BBB77C2-A75B-4568-A86F-F732A8DD573C}.Debug|x86.Build.0 = Debug|Any CPU
		{7BBB77C2-A75B-4568-A86F-F732A8DD573C}.Debug|x86.Deploy.0 = Debug|Any CPU
		{7BBB77C2-A75B-4568-A86F-F732A8DD573C}.Release|Any CPU.ActiveCfg = Release|Any CPU
		{7BBB77C2-A75B-4568-A86F-F732A8DD573C}.Release|Any CPU.Build.0 = Release|Any CPU
		{7BBB77C2-A75B-4568-A86F-F732A8DD573C}.Release|Any CPU.Deploy.0 = Release|Any CPU
		{7BBB77C2-A75B-4568-A86F-F732A8DD573C}.Release|ARM.ActiveCfg = Release|Any CPU
		{7BBB77C2-A75B-4568-A86F-F732A8DD573C}.Release|ARM.Build.0 = Release|Any CPU
		{7BBB77C2-A75B-4568-A86F-F732A8DD573C}.Release|ARM.Deploy.0 = Release|Any CPU
		{7BBB77C2-A75B-4568-A86F-F732A8DD573C}.Release|iPhone.ActiveCfg = Release|Any CPU
		{7BBB77C2-A75B-4568-A86F-F732A8DD573C}.Release|iPhone.Build.0 = Release|Any CPU
		{7BBB77C2-A75B-4568-A86F-F732A8DD573C}.Release|iPhone.Deploy.0 = Release|Any CPU
		{7BBB77C2-A75B-4568-A86F-F732A8DD573C}.Release|iPhoneSimulator.ActiveCfg = Release|Any CPU
		{7BBB77C2-A75B-4568-A86F-F732A8DD573C}.Release|iPhoneSimulator.Build.0 = Release|Any CPU
		{7BBB77C2-A75B-4568-A86F-F732A8DD573C}.Release|iPhoneSimulator.Deploy.0 = Release|Any CPU
		{7BBB77C2-A75B-4568-A86F-F732A8DD573C}.Release|x64.ActiveCfg = Release|Any CPU
		{7BBB77C2-A75B-4568-A86F-F732A8DD573C}.Release|x64.Build.0 = Release|Any CPU
		{7BBB77C2-A75B-4568-A86F-F732A8DD573C}.Release|x64.Deploy.0 = Release|Any CPU
		{7BBB77C2-A75B-4568-A86F-F732A8DD573C}.Release|x86.ActiveCfg = Release|Any CPU
		{7BBB77C2-A75B-4568-A86F-F732A8DD573C}.Release|x86.Build.0 = Release|Any CPU
		{7BBB77C2-A75B-4568-A86F-F732A8DD573C}.Release|x86.Deploy.0 = Release|Any CPU
		{B04F8469-3216-428E-8AA9-7EB5EC525F8C}.Ad-Hoc|Any CPU.ActiveCfg = Ad-Hoc|iPhone
		{B04F8469-3216-428E-8AA9-7EB5EC525F8C}.Ad-Hoc|ARM.ActiveCfg = Ad-Hoc|iPhone
		{B04F8469-3216-428E-8AA9-7EB5EC525F8C}.Ad-Hoc|iPhone.ActiveCfg = Ad-Hoc|iPhone
		{B04F8469-3216-428E-8AA9-7EB5EC525F8C}.Ad-Hoc|iPhone.Build.0 = Ad-Hoc|iPhone
		{B04F8469-3216-428E-8AA9-7EB5EC525F8C}.Ad-Hoc|iPhoneSimulator.ActiveCfg = Ad-Hoc|iPhoneSimulator
		{B04F8469-3216-428E-8AA9-7EB5EC525F8C}.Ad-Hoc|iPhoneSimulator.Build.0 = Ad-Hoc|iPhoneSimulator
		{B04F8469-3216-428E-8AA9-7EB5EC525F8C}.Ad-Hoc|x64.ActiveCfg = Ad-Hoc|iPhone
		{B04F8469-3216-428E-8AA9-7EB5EC525F8C}.Ad-Hoc|x86.ActiveCfg = Ad-Hoc|iPhone
		{B04F8469-3216-428E-8AA9-7EB5EC525F8C}.AppStore|Any CPU.ActiveCfg = AppStore|iPhone
		{B04F8469-3216-428E-8AA9-7EB5EC525F8C}.AppStore|ARM.ActiveCfg = AppStore|iPhone
		{B04F8469-3216-428E-8AA9-7EB5EC525F8C}.AppStore|iPhone.ActiveCfg = AppStore|iPhone
		{B04F8469-3216-428E-8AA9-7EB5EC525F8C}.AppStore|iPhone.Build.0 = AppStore|iPhone
		{B04F8469-3216-428E-8AA9-7EB5EC525F8C}.AppStore|iPhoneSimulator.ActiveCfg = AppStore|iPhoneSimulator
		{B04F8469-3216-428E-8AA9-7EB5EC525F8C}.AppStore|iPhoneSimulator.Build.0 = AppStore|iPhoneSimulator
		{B04F8469-3216-428E-8AA9-7EB5EC525F8C}.AppStore|x64.ActiveCfg = AppStore|iPhone
		{B04F8469-3216-428E-8AA9-7EB5EC525F8C}.AppStore|x86.ActiveCfg = AppStore|iPhone
		{B04F8469-3216-428E-8AA9-7EB5EC525F8C}.Debug|Any CPU.ActiveCfg = Debug|iPhone
		{B04F8469-3216-428E-8AA9-7EB5EC525F8C}.Debug|ARM.ActiveCfg = Debug|iPhone
		{B04F8469-3216-428E-8AA9-7EB5EC525F8C}.Debug|iPhone.ActiveCfg = Debug|iPhone
		{B04F8469-3216-428E-8AA9-7EB5EC525F8C}.Debug|iPhone.Build.0 = Debug|iPhone
		{B04F8469-3216-428E-8AA9-7EB5EC525F8C}.Debug|iPhoneSimulator.ActiveCfg = Debug|iPhoneSimulator
		{B04F8469-3216-428E-8AA9-7EB5EC525F8C}.Debug|iPhoneSimulator.Build.0 = Debug|iPhoneSimulator
		{B04F8469-3216-428E-8AA9-7EB5EC525F8C}.Debug|x64.ActiveCfg = Debug|iPhone
		{B04F8469-3216-428E-8AA9-7EB5EC525F8C}.Debug|x86.ActiveCfg = Debug|iPhone
		{B04F8469-3216-428E-8AA9-7EB5EC525F8C}.Release|Any CPU.ActiveCfg = Release|iPhone
		{B04F8469-3216-428E-8AA9-7EB5EC525F8C}.Release|ARM.ActiveCfg = Release|iPhone
		{B04F8469-3216-428E-8AA9-7EB5EC525F8C}.Release|iPhone.ActiveCfg = Release|iPhone
		{B04F8469-3216-428E-8AA9-7EB5EC525F8C}.Release|iPhone.Build.0 = Release|iPhone
		{B04F8469-3216-428E-8AA9-7EB5EC525F8C}.Release|iPhoneSimulator.ActiveCfg = Release|iPhoneSimulator
		{B04F8469-3216-428E-8AA9-7EB5EC525F8C}.Release|iPhoneSimulator.Build.0 = Release|iPhoneSimulator
		{B04F8469-3216-428E-8AA9-7EB5EC525F8C}.Release|x64.ActiveCfg = Release|iPhone
		{B04F8469-3216-428E-8AA9-7EB5EC525F8C}.Release|x86.ActiveCfg = Release|iPhone
		{CF761FA6-D0F7-406C-B67E-98B4917D6302}.Ad-Hoc|Any CPU.ActiveCfg = Release|x86
		{CF761FA6-D0F7-406C-B67E-98B4917D6302}.Ad-Hoc|Any CPU.Build.0 = Release|x86
		{CF761FA6-D0F7-406C-B67E-98B4917D6302}.Ad-Hoc|Any CPU.Deploy.0 = Release|x86
		{CF761FA6-D0F7-406C-B67E-98B4917D6302}.Ad-Hoc|ARM.ActiveCfg = Release|ARM
		{CF761FA6-D0F7-406C-B67E-98B4917D6302}.Ad-Hoc|ARM.Build.0 = Release|ARM
		{CF761FA6-D0F7-406C-B67E-98B4917D6302}.Ad-Hoc|ARM.Deploy.0 = Release|ARM
		{CF761FA6-D0F7-406C-B67E-98B4917D6302}.Ad-Hoc|iPhone.ActiveCfg = Release|x86
		{CF761FA6-D0F7-406C-B67E-98B4917D6302}.Ad-Hoc|iPhone.Build.0 = Release|x86
		{CF761FA6-D0F7-406C-B67E-98B4917D6302}.Ad-Hoc|iPhone.Deploy.0 = Release|x86
		{CF761FA6-D0F7-406C-B67E-98B4917D6302}.Ad-Hoc|iPhoneSimulator.ActiveCfg = Release|x86
		{CF761FA6-D0F7-406C-B67E-98B4917D6302}.Ad-Hoc|iPhoneSimulator.Build.0 = Release|x86
		{CF761FA6-D0F7-406C-B67E-98B4917D6302}.Ad-Hoc|iPhoneSimulator.Deploy.0 = Release|x86
		{CF761FA6-D0F7-406C-B67E-98B4917D6302}.Ad-Hoc|x64.ActiveCfg = Release|x64
		{CF761FA6-D0F7-406C-B67E-98B4917D6302}.Ad-Hoc|x64.Build.0 = Release|x64
		{CF761FA6-D0F7-406C-B67E-98B4917D6302}.Ad-Hoc|x64.Deploy.0 = Release|x64
		{CF761FA6-D0F7-406C-B67E-98B4917D6302}.Ad-Hoc|x86.ActiveCfg = Release|x86
		{CF761FA6-D0F7-406C-B67E-98B4917D6302}.Ad-Hoc|x86.Build.0 = Release|x86
		{CF761FA6-D0F7-406C-B67E-98B4917D6302}.Ad-Hoc|x86.Deploy.0 = Release|x86
		{CF761FA6-D0F7-406C-B67E-98B4917D6302}.AppStore|Any CPU.ActiveCfg = Release|x86
		{CF761FA6-D0F7-406C-B67E-98B4917D6302}.AppStore|Any CPU.Build.0 = Release|x86
		{CF761FA6-D0F7-406C-B67E-98B4917D6302}.AppStore|Any CPU.Deploy.0 = Release|x86
		{CF761FA6-D0F7-406C-B67E-98B4917D6302}.AppStore|ARM.ActiveCfg = Release|ARM
		{CF761FA6-D0F7-406C-B67E-98B4917D6302}.AppStore|ARM.Build.0 = Release|ARM
		{CF761FA6-D0F7-406C-B67E-98B4917D6302}.AppStore|ARM.Deploy.0 = Release|ARM
		{CF761FA6-D0F7-406C-B67E-98B4917D6302}.AppStore|iPhone.ActiveCfg = Release|x86
		{CF761FA6-D0F7-406C-B67E-98B4917D6302}.AppStore|iPhone.Build.0 = Release|x86
		{CF761FA6-D0F7-406C-B67E-98B4917D6302}.AppStore|iPhone.Deploy.0 = Release|x86
		{CF761FA6-D0F7-406C-B67E-98B4917D6302}.AppStore|iPhoneSimulator.ActiveCfg = Release|x86
		{CF761FA6-D0F7-406C-B67E-98B4917D6302}.AppStore|iPhoneSimulator.Build.0 = Release|x86
		{CF761FA6-D0F7-406C-B67E-98B4917D6302}.AppStore|iPhoneSimulator.Deploy.0 = Release|x86
		{CF761FA6-D0F7-406C-B67E-98B4917D6302}.AppStore|x64.ActiveCfg = Release|x64
		{CF761FA6-D0F7-406C-B67E-98B4917D6302}.AppStore|x64.Build.0 = Release|x64
		{CF761FA6-D0F7-406C-B67E-98B4917D6302}.AppStore|x64.Deploy.0 = Release|x64
		{CF761FA6-D0F7-406C-B67E-98B4917D6302}.AppStore|x86.ActiveCfg = Release|x86
		{CF761FA6-D0F7-406C-B67E-98B4917D6302}.AppStore|x86.Build.0 = Release|x86
		{CF761FA6-D0F7-406C-B67E-98B4917D6302}.AppStore|x86.Deploy.0 = Release|x86
		{CF761FA6-D0F7-406C-B67E-98B4917D6302}.Debug|Any CPU.ActiveCfg = Debug|x86
		{CF761FA6-D0F7-406C-B67E-98B4917D6302}.Debug|ARM.ActiveCfg = Debug|ARM
		{CF761FA6-D0F7-406C-B67E-98B4917D6302}.Debug|ARM.Build.0 = Debug|ARM
		{CF761FA6-D0F7-406C-B67E-98B4917D6302}.Debug|ARM.Deploy.0 = Debug|ARM
		{CF761FA6-D0F7-406C-B67E-98B4917D6302}.Debug|iPhone.ActiveCfg = Debug|x86
		{CF761FA6-D0F7-406C-B67E-98B4917D6302}.Debug|iPhoneSimulator.ActiveCfg = Debug|x86
		{CF761FA6-D0F7-406C-B67E-98B4917D6302}.Debug|x64.ActiveCfg = Debug|x64
		{CF761FA6-D0F7-406C-B67E-98B4917D6302}.Debug|x64.Build.0 = Debug|x64
		{CF761FA6-D0F7-406C-B67E-98B4917D6302}.Debug|x64.Deploy.0 = Debug|x64
		{CF761FA6-D0F7-406C-B67E-98B4917D6302}.Debug|x86.ActiveCfg = Debug|x86
		{CF761FA6-D0F7-406C-B67E-98B4917D6302}.Debug|x86.Build.0 = Debug|x86
		{CF761FA6-D0F7-406C-B67E-98B4917D6302}.Debug|x86.Deploy.0 = Debug|x86
		{CF761FA6-D0F7-406C-B67E-98B4917D6302}.Release|Any CPU.ActiveCfg = Release|x86
		{CF761FA6-D0F7-406C-B67E-98B4917D6302}.Release|ARM.ActiveCfg = Release|ARM
		{CF761FA6-D0F7-406C-B67E-98B4917D6302}.Release|ARM.Build.0 = Release|ARM
		{CF761FA6-D0F7-406C-B67E-98B4917D6302}.Release|ARM.Deploy.0 = Release|ARM
		{CF761FA6-D0F7-406C-B67E-98B4917D6302}.Release|iPhone.ActiveCfg = Release|x86
		{CF761FA6-D0F7-406C-B67E-98B4917D6302}.Release|iPhoneSimulator.ActiveCfg = Release|x86
		{CF761FA6-D0F7-406C-B67E-98B4917D6302}.Release|x64.ActiveCfg = Release|x64
		{CF761FA6-D0F7-406C-B67E-98B4917D6302}.Release|x64.Build.0 = Release|x64
		{CF761FA6-D0F7-406C-B67E-98B4917D6302}.Release|x64.Deploy.0 = Release|x64
		{CF761FA6-D0F7-406C-B67E-98B4917D6302}.Release|x86.ActiveCfg = Release|x86
		{CF761FA6-D0F7-406C-B67E-98B4917D6302}.Release|x86.Build.0 = Release|x86
		{CF761FA6-D0F7-406C-B67E-98B4917D6302}.Release|x86.Deploy.0 = Release|x86
		{57F322A5-ADDF-4777-B28E-0BCB071619CA}.Ad-Hoc|Any CPU.ActiveCfg = Debug|Any CPU
		{57F322A5-ADDF-4777-B28E-0BCB071619CA}.Ad-Hoc|Any CPU.Build.0 = Debug|Any CPU
		{57F322A5-ADDF-4777-B28E-0BCB071619CA}.Ad-Hoc|ARM.ActiveCfg = Debug|Any CPU
		{57F322A5-ADDF-4777-B28E-0BCB071619CA}.Ad-Hoc|ARM.Build.0 = Debug|Any CPU
		{57F322A5-ADDF-4777-B28E-0BCB071619CA}.Ad-Hoc|iPhone.ActiveCfg = Debug|Any CPU
		{57F322A5-ADDF-4777-B28E-0BCB071619CA}.Ad-Hoc|iPhone.Build.0 = Debug|Any CPU
		{57F322A5-ADDF-4777-B28E-0BCB071619CA}.Ad-Hoc|iPhoneSimulator.ActiveCfg = Debug|Any CPU
		{57F322A5-ADDF-4777-B28E-0BCB071619CA}.Ad-Hoc|iPhoneSimulator.Build.0 = Debug|Any CPU
		{57F322A5-ADDF-4777-B28E-0BCB071619CA}.Ad-Hoc|x64.ActiveCfg = Debug|Any CPU
		{57F322A5-ADDF-4777-B28E-0BCB071619CA}.Ad-Hoc|x64.Build.0 = Debug|Any CPU
		{57F322A5-ADDF-4777-B28E-0BCB071619CA}.Ad-Hoc|x86.ActiveCfg = Debug|Any CPU
		{57F322A5-ADDF-4777-B28E-0BCB071619CA}.Ad-Hoc|x86.Build.0 = Debug|Any CPU
		{57F322A5-ADDF-4777-B28E-0BCB071619CA}.AppStore|Any CPU.ActiveCfg = Debug|Any CPU
		{57F322A5-ADDF-4777-B28E-0BCB071619CA}.AppStore|Any CPU.Build.0 = Debug|Any CPU
		{57F322A5-ADDF-4777-B28E-0BCB071619CA}.AppStore|ARM.ActiveCfg = Debug|Any CPU
		{57F322A5-ADDF-4777-B28E-0BCB071619CA}.AppStore|ARM.Build.0 = Debug|Any CPU
		{57F322A5-ADDF-4777-B28E-0BCB071619CA}.AppStore|iPhone.ActiveCfg = Debug|Any CPU
		{57F322A5-ADDF-4777-B28E-0BCB071619CA}.AppStore|iPhone.Build.0 = Debug|Any CPU
		{57F322A5-ADDF-4777-B28E-0BCB071619CA}.AppStore|iPhoneSimulator.ActiveCfg = Debug|Any CPU
		{57F322A5-ADDF-4777-B28E-0BCB071619CA}.AppStore|iPhoneSimulator.Build.0 = Debug|Any CPU
		{57F322A5-ADDF-4777-B28E-0BCB071619CA}.AppStore|x64.ActiveCfg = Debug|Any CPU
		{57F322A5-ADDF-4777-B28E-0BCB071619CA}.AppStore|x64.Build.0 = Debug|Any CPU
		{57F322A5-ADDF-4777-B28E-0BCB071619CA}.AppStore|x86.ActiveCfg = Debug|Any CPU
		{57F322A5-ADDF-4777-B28E-0BCB071619CA}.AppStore|x86.Build.0 = Debug|Any CPU
		{57F322A5-ADDF-4777-B28E-0BCB071619CA}.Debug|Any CPU.ActiveCfg = Debug|Any CPU
		{57F322A5-ADDF-4777-B28E-0BCB071619CA}.Debug|Any CPU.Build.0 = Debug|Any CPU
		{57F322A5-ADDF-4777-B28E-0BCB071619CA}.Debug|ARM.ActiveCfg = Debug|Any CPU
		{57F322A5-ADDF-4777-B28E-0BCB071619CA}.Debug|ARM.Build.0 = Debug|Any CPU
		{57F322A5-ADDF-4777-B28E-0BCB071619CA}.Debug|iPhone.ActiveCfg = Debug|Any CPU
		{57F322A5-ADDF-4777-B28E-0BCB071619CA}.Debug|iPhone.Build.0 = Debug|Any CPU
		{57F322A5-ADDF-4777-B28E-0BCB071619CA}.Debug|iPhoneSimulator.ActiveCfg = Debug|Any CPU
		{57F322A5-ADDF-4777-B28E-0BCB071619CA}.Debug|iPhoneSimulator.Build.0 = Debug|Any CPU
		{57F322A5-ADDF-4777-B28E-0BCB071619CA}.Debug|x64.ActiveCfg = Debug|Any CPU
		{57F322A5-ADDF-4777-B28E-0BCB071619CA}.Debug|x64.Build.0 = Debug|Any CPU
		{57F322A5-ADDF-4777-B28E-0BCB071619CA}.Debug|x86.ActiveCfg = Debug|Any CPU
		{57F322A5-ADDF-4777-B28E-0BCB071619CA}.Debug|x86.Build.0 = Debug|Any CPU
		{57F322A5-ADDF-4777-B28E-0BCB071619CA}.Release|Any CPU.ActiveCfg = Release|Any CPU
		{57F322A5-ADDF-4777-B28E-0BCB071619CA}.Release|Any CPU.Build.0 = Release|Any CPU
		{57F322A5-ADDF-4777-B28E-0BCB071619CA}.Release|ARM.ActiveCfg = Release|Any CPU
		{57F322A5-ADDF-4777-B28E-0BCB071619CA}.Release|ARM.Build.0 = Release|Any CPU
		{57F322A5-ADDF-4777-B28E-0BCB071619CA}.Release|iPhone.ActiveCfg = Release|Any CPU
		{57F322A5-ADDF-4777-B28E-0BCB071619CA}.Release|iPhone.Build.0 = Release|Any CPU
		{57F322A5-ADDF-4777-B28E-0BCB071619CA}.Release|iPhoneSimulator.ActiveCfg = Release|Any CPU
		{57F322A5-ADDF-4777-B28E-0BCB071619CA}.Release|iPhoneSimulator.Build.0 = Release|Any CPU
		{57F322A5-ADDF-4777-B28E-0BCB071619CA}.Release|x64.ActiveCfg = Release|Any CPU
		{57F322A5-ADDF-4777-B28E-0BCB071619CA}.Release|x64.Build.0 = Release|Any CPU
		{57F322A5-ADDF-4777-B28E-0BCB071619CA}.Release|x86.ActiveCfg = Release|Any CPU
		{57F322A5-ADDF-4777-B28E-0BCB071619CA}.Release|x86.Build.0 = Release|Any CPU
		{0AF58978-C630-4924-B234-848A159D3485}.Ad-Hoc|Any CPU.ActiveCfg = Release|Any CPU
		{0AF58978-C630-4924-B234-848A159D3485}.Ad-Hoc|Any CPU.Build.0 = Release|Any CPU
		{0AF58978-C630-4924-B234-848A159D3485}.Ad-Hoc|Any CPU.Deploy.0 = Release|Any CPU
		{0AF58978-C630-4924-B234-848A159D3485}.Ad-Hoc|ARM.ActiveCfg = Release|Any CPU
		{0AF58978-C630-4924-B234-848A159D3485}.Ad-Hoc|ARM.Build.0 = Release|Any CPU
		{0AF58978-C630-4924-B234-848A159D3485}.Ad-Hoc|ARM.Deploy.0 = Release|Any CPU
		{0AF58978-C630-4924-B234-848A159D3485}.Ad-Hoc|iPhone.ActiveCfg = Release|Any CPU
		{0AF58978-C630-4924-B234-848A159D3485}.Ad-Hoc|iPhone.Build.0 = Release|Any CPU
		{0AF58978-C630-4924-B234-848A159D3485}.Ad-Hoc|iPhone.Deploy.0 = Release|Any CPU
		{0AF58978-C630-4924-B234-848A159D3485}.Ad-Hoc|iPhoneSimulator.ActiveCfg = Release|Any CPU
		{0AF58978-C630-4924-B234-848A159D3485}.Ad-Hoc|iPhoneSimulator.Build.0 = Release|Any CPU
		{0AF58978-C630-4924-B234-848A159D3485}.Ad-Hoc|iPhoneSimulator.Deploy.0 = Release|Any CPU
		{0AF58978-C630-4924-B234-848A159D3485}.Ad-Hoc|x64.ActiveCfg = Release|Any CPU
		{0AF58978-C630-4924-B234-848A159D3485}.Ad-Hoc|x64.Build.0 = Release|Any CPU
		{0AF58978-C630-4924-B234-848A159D3485}.Ad-Hoc|x64.Deploy.0 = Release|Any CPU
		{0AF58978-C630-4924-B234-848A159D3485}.Ad-Hoc|x86.ActiveCfg = Release|Any CPU
		{0AF58978-C630-4924-B234-848A159D3485}.Ad-Hoc|x86.Build.0 = Release|Any CPU
		{0AF58978-C630-4924-B234-848A159D3485}.Ad-Hoc|x86.Deploy.0 = Release|Any CPU
		{0AF58978-C630-4924-B234-848A159D3485}.AppStore|Any CPU.ActiveCfg = Release|Any CPU
		{0AF58978-C630-4924-B234-848A159D3485}.AppStore|Any CPU.Build.0 = Release|Any CPU
		{0AF58978-C630-4924-B234-848A159D3485}.AppStore|Any CPU.Deploy.0 = Release|Any CPU
		{0AF58978-C630-4924-B234-848A159D3485}.AppStore|ARM.ActiveCfg = Release|Any CPU
		{0AF58978-C630-4924-B234-848A159D3485}.AppStore|ARM.Build.0 = Release|Any CPU
		{0AF58978-C630-4924-B234-848A159D3485}.AppStore|ARM.Deploy.0 = Release|Any CPU
		{0AF58978-C630-4924-B234-848A159D3485}.AppStore|iPhone.ActiveCfg = Release|Any CPU
		{0AF58978-C630-4924-B234-848A159D3485}.AppStore|iPhone.Build.0 = Release|Any CPU
		{0AF58978-C630-4924-B234-848A159D3485}.AppStore|iPhone.Deploy.0 = Release|Any CPU
		{0AF58978-C630-4924-B234-848A159D3485}.AppStore|iPhoneSimulator.ActiveCfg = Release|Any CPU
		{0AF58978-C630-4924-B234-848A159D3485}.AppStore|iPhoneSimulator.Build.0 = Release|Any CPU
		{0AF58978-C630-4924-B234-848A159D3485}.AppStore|iPhoneSimulator.Deploy.0 = Release|Any CPU
		{0AF58978-C630-4924-B234-848A159D3485}.AppStore|x64.ActiveCfg = Release|Any CPU
		{0AF58978-C630-4924-B234-848A159D3485}.AppStore|x64.Build.0 = Release|Any CPU
		{0AF58978-C630-4924-B234-848A159D3485}.AppStore|x64.Deploy.0 = Release|Any CPU
		{0AF58978-C630-4924-B234-848A159D3485}.AppStore|x86.ActiveCfg = Release|Any CPU
		{0AF58978-C630-4924-B234-848A159D3485}.AppStore|x86.Build.0 = Release|Any CPU
		{0AF58978-C630-4924-B234-848A159D3485}.AppStore|x86.Deploy.0 = Release|Any CPU
		{0AF58978-C630-4924-B234-848A159D3485}.Debug|Any CPU.ActiveCfg = Debug|Any CPU
		{0AF58978-C630-4924-B234-848A159D3485}.Debug|Any CPU.Build.0 = Debug|Any CPU
		{0AF58978-C630-4924-B234-848A159D3485}.Debug|Any CPU.Deploy.0 = Debug|Any CPU
		{0AF58978-C630-4924-B234-848A159D3485}.Debug|ARM.ActiveCfg = Debug|Any CPU
		{0AF58978-C630-4924-B234-848A159D3485}.Debug|ARM.Build.0 = Debug|Any CPU
		{0AF58978-C630-4924-B234-848A159D3485}.Debug|ARM.Deploy.0 = Debug|Any CPU
		{0AF58978-C630-4924-B234-848A159D3485}.Debug|iPhone.ActiveCfg = Debug|Any CPU
		{0AF58978-C630-4924-B234-848A159D3485}.Debug|iPhone.Build.0 = Debug|Any CPU
		{0AF58978-C630-4924-B234-848A159D3485}.Debug|iPhone.Deploy.0 = Debug|Any CPU
		{0AF58978-C630-4924-B234-848A159D3485}.Debug|iPhoneSimulator.ActiveCfg = Debug|Any CPU
		{0AF58978-C630-4924-B234-848A159D3485}.Debug|iPhoneSimulator.Build.0 = Debug|Any CPU
		{0AF58978-C630-4924-B234-848A159D3485}.Debug|iPhoneSimulator.Deploy.0 = Debug|Any CPU
		{0AF58978-C630-4924-B234-848A159D3485}.Debug|x64.ActiveCfg = Debug|Any CPU
		{0AF58978-C630-4924-B234-848A159D3485}.Debug|x64.Build.0 = Debug|Any CPU
		{0AF58978-C630-4924-B234-848A159D3485}.Debug|x64.Deploy.0 = Debug|Any CPU
		{0AF58978-C630-4924-B234-848A159D3485}.Debug|x86.ActiveCfg = Debug|Any CPU
		{0AF58978-C630-4924-B234-848A159D3485}.Debug|x86.Build.0 = Debug|Any CPU
		{0AF58978-C630-4924-B234-848A159D3485}.Debug|x86.Deploy.0 = Debug|Any CPU
		{0AF58978-C630-4924-B234-848A159D3485}.Release|Any CPU.ActiveCfg = Release|Any CPU
		{0AF58978-C630-4924-B234-848A159D3485}.Release|Any CPU.Build.0 = Release|Any CPU
		{0AF58978-C630-4924-B234-848A159D3485}.Release|Any CPU.Deploy.0 = Release|Any CPU
		{0AF58978-C630-4924-B234-848A159D3485}.Release|ARM.ActiveCfg = Release|Any CPU
		{0AF58978-C630-4924-B234-848A159D3485}.Release|ARM.Build.0 = Release|Any CPU
		{0AF58978-C630-4924-B234-848A159D3485}.Release|ARM.Deploy.0 = Release|Any CPU
		{0AF58978-C630-4924-B234-848A159D3485}.Release|iPhone.ActiveCfg = Release|Any CPU
		{0AF58978-C630-4924-B234-848A159D3485}.Release|iPhone.Build.0 = Release|Any CPU
		{0AF58978-C630-4924-B234-848A159D3485}.Release|iPhone.Deploy.0 = Release|Any CPU
		{0AF58978-C630-4924-B234-848A159D3485}.Release|iPhoneSimulator.ActiveCfg = Release|Any CPU
		{0AF58978-C630-4924-B234-848A159D3485}.Release|iPhoneSimulator.Build.0 = Release|Any CPU
		{0AF58978-C630-4924-B234-848A159D3485}.Release|iPhoneSimulator.Deploy.0 = Release|Any CPU
		{0AF58978-C630-4924-B234-848A159D3485}.Release|x64.ActiveCfg = Release|Any CPU
		{0AF58978-C630-4924-B234-848A159D3485}.Release|x64.Build.0 = Release|Any CPU
		{0AF58978-C630-4924-B234-848A159D3485}.Release|x64.Deploy.0 = Release|Any CPU
		{0AF58978-C630-4924-B234-848A159D3485}.Release|x86.ActiveCfg = Release|Any CPU
		{0AF58978-C630-4924-B234-848A159D3485}.Release|x86.Build.0 = Release|Any CPU
		{0AF58978-C630-4924-B234-848A159D3485}.Release|x86.Deploy.0 = Release|Any CPU
		{D444D37A-3B8E-47FD-9E45-791F02A770D4}.Ad-Hoc|Any CPU.ActiveCfg = Ad-Hoc|iPhone
		{D444D37A-3B8E-47FD-9E45-791F02A770D4}.Ad-Hoc|ARM.ActiveCfg = Ad-Hoc|iPhone
		{D444D37A-3B8E-47FD-9E45-791F02A770D4}.Ad-Hoc|iPhone.ActiveCfg = Ad-Hoc|iPhone
		{D444D37A-3B8E-47FD-9E45-791F02A770D4}.Ad-Hoc|iPhone.Build.0 = Ad-Hoc|iPhone
		{D444D37A-3B8E-47FD-9E45-791F02A770D4}.Ad-Hoc|iPhoneSimulator.ActiveCfg = Ad-Hoc|iPhoneSimulator
		{D444D37A-3B8E-47FD-9E45-791F02A770D4}.Ad-Hoc|iPhoneSimulator.Build.0 = Ad-Hoc|iPhoneSimulator
		{D444D37A-3B8E-47FD-9E45-791F02A770D4}.Ad-Hoc|x64.ActiveCfg = Ad-Hoc|iPhone
		{D444D37A-3B8E-47FD-9E45-791F02A770D4}.Ad-Hoc|x86.ActiveCfg = Ad-Hoc|iPhone
		{D444D37A-3B8E-47FD-9E45-791F02A770D4}.AppStore|Any CPU.ActiveCfg = AppStore|iPhone
		{D444D37A-3B8E-47FD-9E45-791F02A770D4}.AppStore|ARM.ActiveCfg = AppStore|iPhone
		{D444D37A-3B8E-47FD-9E45-791F02A770D4}.AppStore|iPhone.ActiveCfg = AppStore|iPhone
		{D444D37A-3B8E-47FD-9E45-791F02A770D4}.AppStore|iPhone.Build.0 = AppStore|iPhone
		{D444D37A-3B8E-47FD-9E45-791F02A770D4}.AppStore|iPhoneSimulator.ActiveCfg = AppStore|iPhoneSimulator
		{D444D37A-3B8E-47FD-9E45-791F02A770D4}.AppStore|iPhoneSimulator.Build.0 = AppStore|iPhoneSimulator
		{D444D37A-3B8E-47FD-9E45-791F02A770D4}.AppStore|x64.ActiveCfg = AppStore|iPhone
		{D444D37A-3B8E-47FD-9E45-791F02A770D4}.AppStore|x86.ActiveCfg = AppStore|iPhone
		{D444D37A-3B8E-47FD-9E45-791F02A770D4}.Debug|Any CPU.ActiveCfg = Debug|iPhone
		{D444D37A-3B8E-47FD-9E45-791F02A770D4}.Debug|ARM.ActiveCfg = Debug|iPhone
		{D444D37A-3B8E-47FD-9E45-791F02A770D4}.Debug|iPhone.ActiveCfg = Debug|iPhone
		{D444D37A-3B8E-47FD-9E45-791F02A770D4}.Debug|iPhone.Build.0 = Debug|iPhone
		{D444D37A-3B8E-47FD-9E45-791F02A770D4}.Debug|iPhoneSimulator.ActiveCfg = Debug|iPhoneSimulator
		{D444D37A-3B8E-47FD-9E45-791F02A770D4}.Debug|iPhoneSimulator.Build.0 = Debug|iPhoneSimulator
		{D444D37A-3B8E-47FD-9E45-791F02A770D4}.Debug|x64.ActiveCfg = Debug|iPhone
		{D444D37A-3B8E-47FD-9E45-791F02A770D4}.Debug|x86.ActiveCfg = Debug|iPhone
		{D444D37A-3B8E-47FD-9E45-791F02A770D4}.Release|Any CPU.ActiveCfg = Release|iPhone
		{D444D37A-3B8E-47FD-9E45-791F02A770D4}.Release|ARM.ActiveCfg = Release|iPhone
		{D444D37A-3B8E-47FD-9E45-791F02A770D4}.Release|iPhone.ActiveCfg = Release|iPhone
		{D444D37A-3B8E-47FD-9E45-791F02A770D4}.Release|iPhone.Build.0 = Release|iPhone
		{D444D37A-3B8E-47FD-9E45-791F02A770D4}.Release|iPhoneSimulator.ActiveCfg = Release|iPhoneSimulator
		{D444D37A-3B8E-47FD-9E45-791F02A770D4}.Release|iPhoneSimulator.Build.0 = Release|iPhoneSimulator
		{D444D37A-3B8E-47FD-9E45-791F02A770D4}.Release|x64.ActiveCfg = Release|iPhone
		{D444D37A-3B8E-47FD-9E45-791F02A770D4}.Release|x86.ActiveCfg = Release|iPhone
		{FB3F74FA-6E13-4CF3-A440-8B4525607598}.Ad-Hoc|Any CPU.ActiveCfg = Release|x86
		{FB3F74FA-6E13-4CF3-A440-8B4525607598}.Ad-Hoc|Any CPU.Build.0 = Release|x86
		{FB3F74FA-6E13-4CF3-A440-8B4525607598}.Ad-Hoc|Any CPU.Deploy.0 = Release|x86
		{FB3F74FA-6E13-4CF3-A440-8B4525607598}.Ad-Hoc|ARM.ActiveCfg = Release|ARM
		{FB3F74FA-6E13-4CF3-A440-8B4525607598}.Ad-Hoc|ARM.Build.0 = Release|ARM
		{FB3F74FA-6E13-4CF3-A440-8B4525607598}.Ad-Hoc|ARM.Deploy.0 = Release|ARM
		{FB3F74FA-6E13-4CF3-A440-8B4525607598}.Ad-Hoc|iPhone.ActiveCfg = Release|x86
		{FB3F74FA-6E13-4CF3-A440-8B4525607598}.Ad-Hoc|iPhone.Build.0 = Release|x86
		{FB3F74FA-6E13-4CF3-A440-8B4525607598}.Ad-Hoc|iPhone.Deploy.0 = Release|x86
		{FB3F74FA-6E13-4CF3-A440-8B4525607598}.Ad-Hoc|iPhoneSimulator.ActiveCfg = Release|x86
		{FB3F74FA-6E13-4CF3-A440-8B4525607598}.Ad-Hoc|iPhoneSimulator.Build.0 = Release|x86
		{FB3F74FA-6E13-4CF3-A440-8B4525607598}.Ad-Hoc|iPhoneSimulator.Deploy.0 = Release|x86
		{FB3F74FA-6E13-4CF3-A440-8B4525607598}.Ad-Hoc|x64.ActiveCfg = Release|x64
		{FB3F74FA-6E13-4CF3-A440-8B4525607598}.Ad-Hoc|x64.Build.0 = Release|x64
		{FB3F74FA-6E13-4CF3-A440-8B4525607598}.Ad-Hoc|x64.Deploy.0 = Release|x64
		{FB3F74FA-6E13-4CF3-A440-8B4525607598}.Ad-Hoc|x86.ActiveCfg = Release|x86
		{FB3F74FA-6E13-4CF3-A440-8B4525607598}.Ad-Hoc|x86.Build.0 = Release|x86
		{FB3F74FA-6E13-4CF3-A440-8B4525607598}.Ad-Hoc|x86.Deploy.0 = Release|x86
		{FB3F74FA-6E13-4CF3-A440-8B4525607598}.AppStore|Any CPU.ActiveCfg = Release|x86
		{FB3F74FA-6E13-4CF3-A440-8B4525607598}.AppStore|Any CPU.Build.0 = Release|x86
		{FB3F74FA-6E13-4CF3-A440-8B4525607598}.AppStore|Any CPU.Deploy.0 = Release|x86
		{FB3F74FA-6E13-4CF3-A440-8B4525607598}.AppStore|ARM.ActiveCfg = Release|ARM
		{FB3F74FA-6E13-4CF3-A440-8B4525607598}.AppStore|ARM.Build.0 = Release|ARM
		{FB3F74FA-6E13-4CF3-A440-8B4525607598}.AppStore|ARM.Deploy.0 = Release|ARM
		{FB3F74FA-6E13-4CF3-A440-8B4525607598}.AppStore|iPhone.ActiveCfg = Release|x86
		{FB3F74FA-6E13-4CF3-A440-8B4525607598}.AppStore|iPhone.Build.0 = Release|x86
		{FB3F74FA-6E13-4CF3-A440-8B4525607598}.AppStore|iPhone.Deploy.0 = Release|x86
		{FB3F74FA-6E13-4CF3-A440-8B4525607598}.AppStore|iPhoneSimulator.ActiveCfg = Release|x86
		{FB3F74FA-6E13-4CF3-A440-8B4525607598}.AppStore|iPhoneSimulator.Build.0 = Release|x86
		{FB3F74FA-6E13-4CF3-A440-8B4525607598}.AppStore|iPhoneSimulator.Deploy.0 = Release|x86
		{FB3F74FA-6E13-4CF3-A440-8B4525607598}.AppStore|x64.ActiveCfg = Release|x64
		{FB3F74FA-6E13-4CF3-A440-8B4525607598}.AppStore|x64.Build.0 = Release|x64
		{FB3F74FA-6E13-4CF3-A440-8B4525607598}.AppStore|x64.Deploy.0 = Release|x64
		{FB3F74FA-6E13-4CF3-A440-8B4525607598}.AppStore|x86.ActiveCfg = Release|x86
		{FB3F74FA-6E13-4CF3-A440-8B4525607598}.AppStore|x86.Build.0 = Release|x86
		{FB3F74FA-6E13-4CF3-A440-8B4525607598}.AppStore|x86.Deploy.0 = Release|x86
		{FB3F74FA-6E13-4CF3-A440-8B4525607598}.Debug|Any CPU.ActiveCfg = Debug|x86
		{FB3F74FA-6E13-4CF3-A440-8B4525607598}.Debug|ARM.ActiveCfg = Debug|ARM
		{FB3F74FA-6E13-4CF3-A440-8B4525607598}.Debug|ARM.Build.0 = Debug|ARM
		{FB3F74FA-6E13-4CF3-A440-8B4525607598}.Debug|ARM.Deploy.0 = Debug|ARM
		{FB3F74FA-6E13-4CF3-A440-8B4525607598}.Debug|iPhone.ActiveCfg = Debug|x86
		{FB3F74FA-6E13-4CF3-A440-8B4525607598}.Debug|iPhoneSimulator.ActiveCfg = Debug|x86
		{FB3F74FA-6E13-4CF3-A440-8B4525607598}.Debug|x64.ActiveCfg = Debug|x64
		{FB3F74FA-6E13-4CF3-A440-8B4525607598}.Debug|x64.Build.0 = Debug|x64
		{FB3F74FA-6E13-4CF3-A440-8B4525607598}.Debug|x64.Deploy.0 = Debug|x64
		{FB3F74FA-6E13-4CF3-A440-8B4525607598}.Debug|x86.ActiveCfg = Debug|x86
		{FB3F74FA-6E13-4CF3-A440-8B4525607598}.Debug|x86.Build.0 = Debug|x86
		{FB3F74FA-6E13-4CF3-A440-8B4525607598}.Debug|x86.Deploy.0 = Debug|x86
		{FB3F74FA-6E13-4CF3-A440-8B4525607598}.Release|Any CPU.ActiveCfg = Release|x86
		{FB3F74FA-6E13-4CF3-A440-8B4525607598}.Release|ARM.ActiveCfg = Release|ARM
		{FB3F74FA-6E13-4CF3-A440-8B4525607598}.Release|ARM.Build.0 = Release|ARM
		{FB3F74FA-6E13-4CF3-A440-8B4525607598}.Release|ARM.Deploy.0 = Release|ARM
		{FB3F74FA-6E13-4CF3-A440-8B4525607598}.Release|iPhone.ActiveCfg = Release|x86
		{FB3F74FA-6E13-4CF3-A440-8B4525607598}.Release|iPhoneSimulator.ActiveCfg = Release|x86
		{FB3F74FA-6E13-4CF3-A440-8B4525607598}.Release|x64.ActiveCfg = Release|x64
		{FB3F74FA-6E13-4CF3-A440-8B4525607598}.Release|x64.Build.0 = Release|x64
		{FB3F74FA-6E13-4CF3-A440-8B4525607598}.Release|x64.Deploy.0 = Release|x64
		{FB3F74FA-6E13-4CF3-A440-8B4525607598}.Release|x86.ActiveCfg = Release|x86
		{FB3F74FA-6E13-4CF3-A440-8B4525607598}.Release|x86.Build.0 = Release|x86
		{FB3F74FA-6E13-4CF3-A440-8B4525607598}.Release|x86.Deploy.0 = Release|x86
		{7C05D3FC-57E3-42E6-B148-E7251F54F64A}.Ad-Hoc|Any CPU.ActiveCfg = Debug|Any CPU
		{7C05D3FC-57E3-42E6-B148-E7251F54F64A}.Ad-Hoc|Any CPU.Build.0 = Debug|Any CPU
		{7C05D3FC-57E3-42E6-B148-E7251F54F64A}.Ad-Hoc|ARM.ActiveCfg = Debug|Any CPU
		{7C05D3FC-57E3-42E6-B148-E7251F54F64A}.Ad-Hoc|ARM.Build.0 = Debug|Any CPU
		{7C05D3FC-57E3-42E6-B148-E7251F54F64A}.Ad-Hoc|iPhone.ActiveCfg = Debug|Any CPU
		{7C05D3FC-57E3-42E6-B148-E7251F54F64A}.Ad-Hoc|iPhone.Build.0 = Debug|Any CPU
		{7C05D3FC-57E3-42E6-B148-E7251F54F64A}.Ad-Hoc|iPhoneSimulator.ActiveCfg = Debug|Any CPU
		{7C05D3FC-57E3-42E6-B148-E7251F54F64A}.Ad-Hoc|iPhoneSimulator.Build.0 = Debug|Any CPU
		{7C05D3FC-57E3-42E6-B148-E7251F54F64A}.Ad-Hoc|x64.ActiveCfg = Debug|Any CPU
		{7C05D3FC-57E3-42E6-B148-E7251F54F64A}.Ad-Hoc|x64.Build.0 = Debug|Any CPU
		{7C05D3FC-57E3-42E6-B148-E7251F54F64A}.Ad-Hoc|x86.ActiveCfg = Debug|Any CPU
		{7C05D3FC-57E3-42E6-B148-E7251F54F64A}.Ad-Hoc|x86.Build.0 = Debug|Any CPU
		{7C05D3FC-57E3-42E6-B148-E7251F54F64A}.AppStore|Any CPU.ActiveCfg = Debug|Any CPU
		{7C05D3FC-57E3-42E6-B148-E7251F54F64A}.AppStore|Any CPU.Build.0 = Debug|Any CPU
		{7C05D3FC-57E3-42E6-B148-E7251F54F64A}.AppStore|ARM.ActiveCfg = Debug|Any CPU
		{7C05D3FC-57E3-42E6-B148-E7251F54F64A}.AppStore|ARM.Build.0 = Debug|Any CPU
		{7C05D3FC-57E3-42E6-B148-E7251F54F64A}.AppStore|iPhone.ActiveCfg = Debug|Any CPU
		{7C05D3FC-57E3-42E6-B148-E7251F54F64A}.AppStore|iPhone.Build.0 = Debug|Any CPU
		{7C05D3FC-57E3-42E6-B148-E7251F54F64A}.AppStore|iPhoneSimulator.ActiveCfg = Debug|Any CPU
		{7C05D3FC-57E3-42E6-B148-E7251F54F64A}.AppStore|iPhoneSimulator.Build.0 = Debug|Any CPU
		{7C05D3FC-57E3-42E6-B148-E7251F54F64A}.AppStore|x64.ActiveCfg = Debug|Any CPU
		{7C05D3FC-57E3-42E6-B148-E7251F54F64A}.AppStore|x64.Build.0 = Debug|Any CPU
		{7C05D3FC-57E3-42E6-B148-E7251F54F64A}.AppStore|x86.ActiveCfg = Debug|Any CPU
		{7C05D3FC-57E3-42E6-B148-E7251F54F64A}.AppStore|x86.Build.0 = Debug|Any CPU
		{7C05D3FC-57E3-42E6-B148-E7251F54F64A}.Debug|Any CPU.ActiveCfg = Debug|Any CPU
		{7C05D3FC-57E3-42E6-B148-E7251F54F64A}.Debug|Any CPU.Build.0 = Debug|Any CPU
		{7C05D3FC-57E3-42E6-B148-E7251F54F64A}.Debug|ARM.ActiveCfg = Debug|Any CPU
		{7C05D3FC-57E3-42E6-B148-E7251F54F64A}.Debug|ARM.Build.0 = Debug|Any CPU
		{7C05D3FC-57E3-42E6-B148-E7251F54F64A}.Debug|iPhone.ActiveCfg = Debug|Any CPU
		{7C05D3FC-57E3-42E6-B148-E7251F54F64A}.Debug|iPhone.Build.0 = Debug|Any CPU
		{7C05D3FC-57E3-42E6-B148-E7251F54F64A}.Debug|iPhoneSimulator.ActiveCfg = Debug|Any CPU
		{7C05D3FC-57E3-42E6-B148-E7251F54F64A}.Debug|iPhoneSimulator.Build.0 = Debug|Any CPU
		{7C05D3FC-57E3-42E6-B148-E7251F54F64A}.Debug|x64.ActiveCfg = Debug|Any CPU
		{7C05D3FC-57E3-42E6-B148-E7251F54F64A}.Debug|x64.Build.0 = Debug|Any CPU
		{7C05D3FC-57E3-42E6-B148-E7251F54F64A}.Debug|x86.ActiveCfg = Debug|Any CPU
		{7C05D3FC-57E3-42E6-B148-E7251F54F64A}.Debug|x86.Build.0 = Debug|Any CPU
		{7C05D3FC-57E3-42E6-B148-E7251F54F64A}.Release|Any CPU.ActiveCfg = Release|Any CPU
		{7C05D3FC-57E3-42E6-B148-E7251F54F64A}.Release|Any CPU.Build.0 = Release|Any CPU
		{7C05D3FC-57E3-42E6-B148-E7251F54F64A}.Release|ARM.ActiveCfg = Release|Any CPU
		{7C05D3FC-57E3-42E6-B148-E7251F54F64A}.Release|ARM.Build.0 = Release|Any CPU
		{7C05D3FC-57E3-42E6-B148-E7251F54F64A}.Release|iPhone.ActiveCfg = Release|Any CPU
		{7C05D3FC-57E3-42E6-B148-E7251F54F64A}.Release|iPhone.Build.0 = Release|Any CPU
		{7C05D3FC-57E3-42E6-B148-E7251F54F64A}.Release|iPhoneSimulator.ActiveCfg = Release|Any CPU
		{7C05D3FC-57E3-42E6-B148-E7251F54F64A}.Release|iPhoneSimulator.Build.0 = Release|Any CPU
		{7C05D3FC-57E3-42E6-B148-E7251F54F64A}.Release|x64.ActiveCfg = Release|Any CPU
		{7C05D3FC-57E3-42E6-B148-E7251F54F64A}.Release|x64.Build.0 = Release|Any CPU
		{7C05D3FC-57E3-42E6-B148-E7251F54F64A}.Release|x86.ActiveCfg = Release|Any CPU
		{7C05D3FC-57E3-42E6-B148-E7251F54F64A}.Release|x86.Build.0 = Release|Any CPU
		{84905E4A-67EE-4F88-A39C-82F64A0639C3}.Ad-Hoc|Any CPU.ActiveCfg = Release|Any CPU
		{84905E4A-67EE-4F88-A39C-82F64A0639C3}.Ad-Hoc|Any CPU.Build.0 = Release|Any CPU
		{84905E4A-67EE-4F88-A39C-82F64A0639C3}.Ad-Hoc|Any CPU.Deploy.0 = Release|Any CPU
		{84905E4A-67EE-4F88-A39C-82F64A0639C3}.Ad-Hoc|ARM.ActiveCfg = Release|Any CPU
		{84905E4A-67EE-4F88-A39C-82F64A0639C3}.Ad-Hoc|ARM.Build.0 = Release|Any CPU
		{84905E4A-67EE-4F88-A39C-82F64A0639C3}.Ad-Hoc|ARM.Deploy.0 = Release|Any CPU
		{84905E4A-67EE-4F88-A39C-82F64A0639C3}.Ad-Hoc|iPhone.ActiveCfg = Release|Any CPU
		{84905E4A-67EE-4F88-A39C-82F64A0639C3}.Ad-Hoc|iPhone.Build.0 = Release|Any CPU
		{84905E4A-67EE-4F88-A39C-82F64A0639C3}.Ad-Hoc|iPhone.Deploy.0 = Release|Any CPU
		{84905E4A-67EE-4F88-A39C-82F64A0639C3}.Ad-Hoc|iPhoneSimulator.ActiveCfg = Release|Any CPU
		{84905E4A-67EE-4F88-A39C-82F64A0639C3}.Ad-Hoc|iPhoneSimulator.Build.0 = Release|Any CPU
		{84905E4A-67EE-4F88-A39C-82F64A0639C3}.Ad-Hoc|iPhoneSimulator.Deploy.0 = Release|Any CPU
		{84905E4A-67EE-4F88-A39C-82F64A0639C3}.Ad-Hoc|x64.ActiveCfg = Release|Any CPU
		{84905E4A-67EE-4F88-A39C-82F64A0639C3}.Ad-Hoc|x64.Build.0 = Release|Any CPU
		{84905E4A-67EE-4F88-A39C-82F64A0639C3}.Ad-Hoc|x64.Deploy.0 = Release|Any CPU
		{84905E4A-67EE-4F88-A39C-82F64A0639C3}.Ad-Hoc|x86.ActiveCfg = Release|Any CPU
		{84905E4A-67EE-4F88-A39C-82F64A0639C3}.Ad-Hoc|x86.Build.0 = Release|Any CPU
		{84905E4A-67EE-4F88-A39C-82F64A0639C3}.Ad-Hoc|x86.Deploy.0 = Release|Any CPU
		{84905E4A-67EE-4F88-A39C-82F64A0639C3}.AppStore|Any CPU.ActiveCfg = Release|Any CPU
		{84905E4A-67EE-4F88-A39C-82F64A0639C3}.AppStore|Any CPU.Build.0 = Release|Any CPU
		{84905E4A-67EE-4F88-A39C-82F64A0639C3}.AppStore|Any CPU.Deploy.0 = Release|Any CPU
		{84905E4A-67EE-4F88-A39C-82F64A0639C3}.AppStore|ARM.ActiveCfg = Release|Any CPU
		{84905E4A-67EE-4F88-A39C-82F64A0639C3}.AppStore|ARM.Build.0 = Release|Any CPU
		{84905E4A-67EE-4F88-A39C-82F64A0639C3}.AppStore|ARM.Deploy.0 = Release|Any CPU
		{84905E4A-67EE-4F88-A39C-82F64A0639C3}.AppStore|iPhone.ActiveCfg = Release|Any CPU
		{84905E4A-67EE-4F88-A39C-82F64A0639C3}.AppStore|iPhone.Build.0 = Release|Any CPU
		{84905E4A-67EE-4F88-A39C-82F64A0639C3}.AppStore|iPhone.Deploy.0 = Release|Any CPU
		{84905E4A-67EE-4F88-A39C-82F64A0639C3}.AppStore|iPhoneSimulator.ActiveCfg = Release|Any CPU
		{84905E4A-67EE-4F88-A39C-82F64A0639C3}.AppStore|iPhoneSimulator.Build.0 = Release|Any CPU
		{84905E4A-67EE-4F88-A39C-82F64A0639C3}.AppStore|iPhoneSimulator.Deploy.0 = Release|Any CPU
		{84905E4A-67EE-4F88-A39C-82F64A0639C3}.AppStore|x64.ActiveCfg = Release|Any CPU
		{84905E4A-67EE-4F88-A39C-82F64A0639C3}.AppStore|x64.Build.0 = Release|Any CPU
		{84905E4A-67EE-4F88-A39C-82F64A0639C3}.AppStore|x64.Deploy.0 = Release|Any CPU
		{84905E4A-67EE-4F88-A39C-82F64A0639C3}.AppStore|x86.ActiveCfg = Release|Any CPU
		{84905E4A-67EE-4F88-A39C-82F64A0639C3}.AppStore|x86.Build.0 = Release|Any CPU
		{84905E4A-67EE-4F88-A39C-82F64A0639C3}.AppStore|x86.Deploy.0 = Release|Any CPU
		{84905E4A-67EE-4F88-A39C-82F64A0639C3}.Debug|Any CPU.ActiveCfg = Debug|Any CPU
		{84905E4A-67EE-4F88-A39C-82F64A0639C3}.Debug|Any CPU.Build.0 = Debug|Any CPU
		{84905E4A-67EE-4F88-A39C-82F64A0639C3}.Debug|Any CPU.Deploy.0 = Debug|Any CPU
		{84905E4A-67EE-4F88-A39C-82F64A0639C3}.Debug|ARM.ActiveCfg = Debug|Any CPU
		{84905E4A-67EE-4F88-A39C-82F64A0639C3}.Debug|ARM.Build.0 = Debug|Any CPU
		{84905E4A-67EE-4F88-A39C-82F64A0639C3}.Debug|ARM.Deploy.0 = Debug|Any CPU
		{84905E4A-67EE-4F88-A39C-82F64A0639C3}.Debug|iPhone.ActiveCfg = Debug|Any CPU
		{84905E4A-67EE-4F88-A39C-82F64A0639C3}.Debug|iPhone.Build.0 = Debug|Any CPU
		{84905E4A-67EE-4F88-A39C-82F64A0639C3}.Debug|iPhone.Deploy.0 = Debug|Any CPU
		{84905E4A-67EE-4F88-A39C-82F64A0639C3}.Debug|iPhoneSimulator.ActiveCfg = Debug|Any CPU
		{84905E4A-67EE-4F88-A39C-82F64A0639C3}.Debug|iPhoneSimulator.Build.0 = Debug|Any CPU
		{84905E4A-67EE-4F88-A39C-82F64A0639C3}.Debug|iPhoneSimulator.Deploy.0 = Debug|Any CPU
		{84905E4A-67EE-4F88-A39C-82F64A0639C3}.Debug|x64.ActiveCfg = Debug|Any CPU
		{84905E4A-67EE-4F88-A39C-82F64A0639C3}.Debug|x64.Build.0 = Debug|Any CPU
		{84905E4A-67EE-4F88-A39C-82F64A0639C3}.Debug|x64.Deploy.0 = Debug|Any CPU
		{84905E4A-67EE-4F88-A39C-82F64A0639C3}.Debug|x86.ActiveCfg = Debug|Any CPU
		{84905E4A-67EE-4F88-A39C-82F64A0639C3}.Debug|x86.Build.0 = Debug|Any CPU
		{84905E4A-67EE-4F88-A39C-82F64A0639C3}.Debug|x86.Deploy.0 = Debug|Any CPU
		{84905E4A-67EE-4F88-A39C-82F64A0639C3}.Release|Any CPU.ActiveCfg = Release|Any CPU
		{84905E4A-67EE-4F88-A39C-82F64A0639C3}.Release|Any CPU.Build.0 = Release|Any CPU
		{84905E4A-67EE-4F88-A39C-82F64A0639C3}.Release|Any CPU.Deploy.0 = Release|Any CPU
		{84905E4A-67EE-4F88-A39C-82F64A0639C3}.Release|ARM.ActiveCfg = Release|Any CPU
		{84905E4A-67EE-4F88-A39C-82F64A0639C3}.Release|ARM.Build.0 = Release|Any CPU
		{84905E4A-67EE-4F88-A39C-82F64A0639C3}.Release|ARM.Deploy.0 = Release|Any CPU
		{84905E4A-67EE-4F88-A39C-82F64A0639C3}.Release|iPhone.ActiveCfg = Release|Any CPU
		{84905E4A-67EE-4F88-A39C-82F64A0639C3}.Release|iPhone.Build.0 = Release|Any CPU
		{84905E4A-67EE-4F88-A39C-82F64A0639C3}.Release|iPhone.Deploy.0 = Release|Any CPU
		{84905E4A-67EE-4F88-A39C-82F64A0639C3}.Release|iPhoneSimulator.ActiveCfg = Release|Any CPU
		{84905E4A-67EE-4F88-A39C-82F64A0639C3}.Release|iPhoneSimulator.Build.0 = Release|Any CPU
		{84905E4A-67EE-4F88-A39C-82F64A0639C3}.Release|iPhoneSimulator.Deploy.0 = Release|Any CPU
		{84905E4A-67EE-4F88-A39C-82F64A0639C3}.Release|x64.ActiveCfg = Release|Any CPU
		{84905E4A-67EE-4F88-A39C-82F64A0639C3}.Release|x64.Build.0 = Release|Any CPU
		{84905E4A-67EE-4F88-A39C-82F64A0639C3}.Release|x64.Deploy.0 = Release|Any CPU
		{84905E4A-67EE-4F88-A39C-82F64A0639C3}.Release|x86.ActiveCfg = Release|Any CPU
		{84905E4A-67EE-4F88-A39C-82F64A0639C3}.Release|x86.Build.0 = Release|Any CPU
		{84905E4A-67EE-4F88-A39C-82F64A0639C3}.Release|x86.Deploy.0 = Release|Any CPU
		{CAC5380B-0371-489C-9E53-C12C7FD66C32}.Ad-Hoc|Any CPU.ActiveCfg = Ad-Hoc|iPhone
		{CAC5380B-0371-489C-9E53-C12C7FD66C32}.Ad-Hoc|ARM.ActiveCfg = Ad-Hoc|iPhone
		{CAC5380B-0371-489C-9E53-C12C7FD66C32}.Ad-Hoc|iPhone.ActiveCfg = Ad-Hoc|iPhone
		{CAC5380B-0371-489C-9E53-C12C7FD66C32}.Ad-Hoc|iPhone.Build.0 = Ad-Hoc|iPhone
		{CAC5380B-0371-489C-9E53-C12C7FD66C32}.Ad-Hoc|iPhoneSimulator.ActiveCfg = Ad-Hoc|iPhoneSimulator
		{CAC5380B-0371-489C-9E53-C12C7FD66C32}.Ad-Hoc|iPhoneSimulator.Build.0 = Ad-Hoc|iPhoneSimulator
		{CAC5380B-0371-489C-9E53-C12C7FD66C32}.Ad-Hoc|x64.ActiveCfg = Ad-Hoc|iPhone
		{CAC5380B-0371-489C-9E53-C12C7FD66C32}.Ad-Hoc|x86.ActiveCfg = Ad-Hoc|iPhone
		{CAC5380B-0371-489C-9E53-C12C7FD66C32}.AppStore|Any CPU.ActiveCfg = AppStore|iPhone
		{CAC5380B-0371-489C-9E53-C12C7FD66C32}.AppStore|ARM.ActiveCfg = AppStore|iPhone
		{CAC5380B-0371-489C-9E53-C12C7FD66C32}.AppStore|iPhone.ActiveCfg = AppStore|iPhone
		{CAC5380B-0371-489C-9E53-C12C7FD66C32}.AppStore|iPhone.Build.0 = AppStore|iPhone
		{CAC5380B-0371-489C-9E53-C12C7FD66C32}.AppStore|iPhoneSimulator.ActiveCfg = AppStore|iPhoneSimulator
		{CAC5380B-0371-489C-9E53-C12C7FD66C32}.AppStore|iPhoneSimulator.Build.0 = AppStore|iPhoneSimulator
		{CAC5380B-0371-489C-9E53-C12C7FD66C32}.AppStore|x64.ActiveCfg = AppStore|iPhone
		{CAC5380B-0371-489C-9E53-C12C7FD66C32}.AppStore|x86.ActiveCfg = AppStore|iPhone
		{CAC5380B-0371-489C-9E53-C12C7FD66C32}.Debug|Any CPU.ActiveCfg = Debug|iPhone
		{CAC5380B-0371-489C-9E53-C12C7FD66C32}.Debug|ARM.ActiveCfg = Debug|iPhone
		{CAC5380B-0371-489C-9E53-C12C7FD66C32}.Debug|iPhone.ActiveCfg = Debug|iPhone
		{CAC5380B-0371-489C-9E53-C12C7FD66C32}.Debug|iPhone.Build.0 = Debug|iPhone
		{CAC5380B-0371-489C-9E53-C12C7FD66C32}.Debug|iPhoneSimulator.ActiveCfg = Debug|iPhoneSimulator
		{CAC5380B-0371-489C-9E53-C12C7FD66C32}.Debug|iPhoneSimulator.Build.0 = Debug|iPhoneSimulator
		{CAC5380B-0371-489C-9E53-C12C7FD66C32}.Debug|x64.ActiveCfg = Debug|iPhone
		{CAC5380B-0371-489C-9E53-C12C7FD66C32}.Debug|x86.ActiveCfg = Debug|iPhone
		{CAC5380B-0371-489C-9E53-C12C7FD66C32}.Release|Any CPU.ActiveCfg = Release|iPhone
		{CAC5380B-0371-489C-9E53-C12C7FD66C32}.Release|ARM.ActiveCfg = Release|iPhone
		{CAC5380B-0371-489C-9E53-C12C7FD66C32}.Release|iPhone.ActiveCfg = Release|iPhone
		{CAC5380B-0371-489C-9E53-C12C7FD66C32}.Release|iPhone.Build.0 = Release|iPhone
		{CAC5380B-0371-489C-9E53-C12C7FD66C32}.Release|iPhoneSimulator.ActiveCfg = Release|iPhoneSimulator
		{CAC5380B-0371-489C-9E53-C12C7FD66C32}.Release|iPhoneSimulator.Build.0 = Release|iPhoneSimulator
		{CAC5380B-0371-489C-9E53-C12C7FD66C32}.Release|x64.ActiveCfg = Release|iPhone
		{CAC5380B-0371-489C-9E53-C12C7FD66C32}.Release|x86.ActiveCfg = Release|iPhone
		{C18F0EFF-9F89-4883-8207-59EB8697188D}.Ad-Hoc|Any CPU.ActiveCfg = Release|x86
		{C18F0EFF-9F89-4883-8207-59EB8697188D}.Ad-Hoc|Any CPU.Build.0 = Release|x86
		{C18F0EFF-9F89-4883-8207-59EB8697188D}.Ad-Hoc|Any CPU.Deploy.0 = Release|x86
		{C18F0EFF-9F89-4883-8207-59EB8697188D}.Ad-Hoc|ARM.ActiveCfg = Release|ARM
		{C18F0EFF-9F89-4883-8207-59EB8697188D}.Ad-Hoc|ARM.Build.0 = Release|ARM
		{C18F0EFF-9F89-4883-8207-59EB8697188D}.Ad-Hoc|ARM.Deploy.0 = Release|ARM
		{C18F0EFF-9F89-4883-8207-59EB8697188D}.Ad-Hoc|iPhone.ActiveCfg = Release|x86
		{C18F0EFF-9F89-4883-8207-59EB8697188D}.Ad-Hoc|iPhone.Build.0 = Release|x86
		{C18F0EFF-9F89-4883-8207-59EB8697188D}.Ad-Hoc|iPhone.Deploy.0 = Release|x86
		{C18F0EFF-9F89-4883-8207-59EB8697188D}.Ad-Hoc|iPhoneSimulator.ActiveCfg = Release|x86
		{C18F0EFF-9F89-4883-8207-59EB8697188D}.Ad-Hoc|iPhoneSimulator.Build.0 = Release|x86
		{C18F0EFF-9F89-4883-8207-59EB8697188D}.Ad-Hoc|iPhoneSimulator.Deploy.0 = Release|x86
		{C18F0EFF-9F89-4883-8207-59EB8697188D}.Ad-Hoc|x64.ActiveCfg = Release|x64
		{C18F0EFF-9F89-4883-8207-59EB8697188D}.Ad-Hoc|x64.Build.0 = Release|x64
		{C18F0EFF-9F89-4883-8207-59EB8697188D}.Ad-Hoc|x64.Deploy.0 = Release|x64
		{C18F0EFF-9F89-4883-8207-59EB8697188D}.Ad-Hoc|x86.ActiveCfg = Release|x86
		{C18F0EFF-9F89-4883-8207-59EB8697188D}.Ad-Hoc|x86.Build.0 = Release|x86
		{C18F0EFF-9F89-4883-8207-59EB8697188D}.Ad-Hoc|x86.Deploy.0 = Release|x86
		{C18F0EFF-9F89-4883-8207-59EB8697188D}.AppStore|Any CPU.ActiveCfg = Release|x86
		{C18F0EFF-9F89-4883-8207-59EB8697188D}.AppStore|Any CPU.Build.0 = Release|x86
		{C18F0EFF-9F89-4883-8207-59EB8697188D}.AppStore|Any CPU.Deploy.0 = Release|x86
		{C18F0EFF-9F89-4883-8207-59EB8697188D}.AppStore|ARM.ActiveCfg = Release|ARM
		{C18F0EFF-9F89-4883-8207-59EB8697188D}.AppStore|ARM.Build.0 = Release|ARM
		{C18F0EFF-9F89-4883-8207-59EB8697188D}.AppStore|ARM.Deploy.0 = Release|ARM
		{C18F0EFF-9F89-4883-8207-59EB8697188D}.AppStore|iPhone.ActiveCfg = Release|x86
		{C18F0EFF-9F89-4883-8207-59EB8697188D}.AppStore|iPhone.Build.0 = Release|x86
		{C18F0EFF-9F89-4883-8207-59EB8697188D}.AppStore|iPhone.Deploy.0 = Release|x86
		{C18F0EFF-9F89-4883-8207-59EB8697188D}.AppStore|iPhoneSimulator.ActiveCfg = Release|x86
		{C18F0EFF-9F89-4883-8207-59EB8697188D}.AppStore|iPhoneSimulator.Build.0 = Release|x86
		{C18F0EFF-9F89-4883-8207-59EB8697188D}.AppStore|iPhoneSimulator.Deploy.0 = Release|x86
		{C18F0EFF-9F89-4883-8207-59EB8697188D}.AppStore|x64.ActiveCfg = Release|x64
		{C18F0EFF-9F89-4883-8207-59EB8697188D}.AppStore|x64.Build.0 = Release|x64
		{C18F0EFF-9F89-4883-8207-59EB8697188D}.AppStore|x64.Deploy.0 = Release|x64
		{C18F0EFF-9F89-4883-8207-59EB8697188D}.AppStore|x86.ActiveCfg = Release|x86
		{C18F0EFF-9F89-4883-8207-59EB8697188D}.AppStore|x86.Build.0 = Release|x86
		{C18F0EFF-9F89-4883-8207-59EB8697188D}.AppStore|x86.Deploy.0 = Release|x86
		{C18F0EFF-9F89-4883-8207-59EB8697188D}.Debug|Any CPU.ActiveCfg = Debug|x86
		{C18F0EFF-9F89-4883-8207-59EB8697188D}.Debug|ARM.ActiveCfg = Debug|ARM
		{C18F0EFF-9F89-4883-8207-59EB8697188D}.Debug|ARM.Build.0 = Debug|ARM
		{C18F0EFF-9F89-4883-8207-59EB8697188D}.Debug|ARM.Deploy.0 = Debug|ARM
		{C18F0EFF-9F89-4883-8207-59EB8697188D}.Debug|iPhone.ActiveCfg = Debug|x86
		{C18F0EFF-9F89-4883-8207-59EB8697188D}.Debug|iPhoneSimulator.ActiveCfg = Debug|x86
		{C18F0EFF-9F89-4883-8207-59EB8697188D}.Debug|x64.ActiveCfg = Debug|x64
		{C18F0EFF-9F89-4883-8207-59EB8697188D}.Debug|x64.Build.0 = Debug|x64
		{C18F0EFF-9F89-4883-8207-59EB8697188D}.Debug|x64.Deploy.0 = Debug|x64
		{C18F0EFF-9F89-4883-8207-59EB8697188D}.Debug|x86.ActiveCfg = Debug|x86
		{C18F0EFF-9F89-4883-8207-59EB8697188D}.Debug|x86.Build.0 = Debug|x86
		{C18F0EFF-9F89-4883-8207-59EB8697188D}.Debug|x86.Deploy.0 = Debug|x86
		{C18F0EFF-9F89-4883-8207-59EB8697188D}.Release|Any CPU.ActiveCfg = Release|x86
		{C18F0EFF-9F89-4883-8207-59EB8697188D}.Release|ARM.ActiveCfg = Release|ARM
		{C18F0EFF-9F89-4883-8207-59EB8697188D}.Release|ARM.Build.0 = Release|ARM
		{C18F0EFF-9F89-4883-8207-59EB8697188D}.Release|ARM.Deploy.0 = Release|ARM
		{C18F0EFF-9F89-4883-8207-59EB8697188D}.Release|iPhone.ActiveCfg = Release|x86
		{C18F0EFF-9F89-4883-8207-59EB8697188D}.Release|iPhoneSimulator.ActiveCfg = Release|x86
		{C18F0EFF-9F89-4883-8207-59EB8697188D}.Release|x64.ActiveCfg = Release|x64
		{C18F0EFF-9F89-4883-8207-59EB8697188D}.Release|x64.Build.0 = Release|x64
		{C18F0EFF-9F89-4883-8207-59EB8697188D}.Release|x64.Deploy.0 = Release|x64
		{C18F0EFF-9F89-4883-8207-59EB8697188D}.Release|x86.ActiveCfg = Release|x86
		{C18F0EFF-9F89-4883-8207-59EB8697188D}.Release|x86.Build.0 = Release|x86
		{C18F0EFF-9F89-4883-8207-59EB8697188D}.Release|x86.Deploy.0 = Release|x86
		{B2DA1901-AC0F-48DC-A068-442DE5436987}.Ad-Hoc|Any CPU.ActiveCfg = Debug|Any CPU
		{B2DA1901-AC0F-48DC-A068-442DE5436987}.Ad-Hoc|Any CPU.Build.0 = Debug|Any CPU
		{B2DA1901-AC0F-48DC-A068-442DE5436987}.Ad-Hoc|ARM.ActiveCfg = Debug|Any CPU
		{B2DA1901-AC0F-48DC-A068-442DE5436987}.Ad-Hoc|ARM.Build.0 = Debug|Any CPU
		{B2DA1901-AC0F-48DC-A068-442DE5436987}.Ad-Hoc|iPhone.ActiveCfg = Debug|Any CPU
		{B2DA1901-AC0F-48DC-A068-442DE5436987}.Ad-Hoc|iPhone.Build.0 = Debug|Any CPU
		{B2DA1901-AC0F-48DC-A068-442DE5436987}.Ad-Hoc|iPhoneSimulator.ActiveCfg = Debug|Any CPU
		{B2DA1901-AC0F-48DC-A068-442DE5436987}.Ad-Hoc|iPhoneSimulator.Build.0 = Debug|Any CPU
		{B2DA1901-AC0F-48DC-A068-442DE5436987}.Ad-Hoc|x64.ActiveCfg = Debug|Any CPU
		{B2DA1901-AC0F-48DC-A068-442DE5436987}.Ad-Hoc|x64.Build.0 = Debug|Any CPU
		{B2DA1901-AC0F-48DC-A068-442DE5436987}.Ad-Hoc|x86.ActiveCfg = Debug|Any CPU
		{B2DA1901-AC0F-48DC-A068-442DE5436987}.Ad-Hoc|x86.Build.0 = Debug|Any CPU
		{B2DA1901-AC0F-48DC-A068-442DE5436987}.AppStore|Any CPU.ActiveCfg = Debug|Any CPU
		{B2DA1901-AC0F-48DC-A068-442DE5436987}.AppStore|Any CPU.Build.0 = Debug|Any CPU
		{B2DA1901-AC0F-48DC-A068-442DE5436987}.AppStore|ARM.ActiveCfg = Debug|Any CPU
		{B2DA1901-AC0F-48DC-A068-442DE5436987}.AppStore|ARM.Build.0 = Debug|Any CPU
		{B2DA1901-AC0F-48DC-A068-442DE5436987}.AppStore|iPhone.ActiveCfg = Debug|Any CPU
		{B2DA1901-AC0F-48DC-A068-442DE5436987}.AppStore|iPhone.Build.0 = Debug|Any CPU
		{B2DA1901-AC0F-48DC-A068-442DE5436987}.AppStore|iPhoneSimulator.ActiveCfg = Debug|Any CPU
		{B2DA1901-AC0F-48DC-A068-442DE5436987}.AppStore|iPhoneSimulator.Build.0 = Debug|Any CPU
		{B2DA1901-AC0F-48DC-A068-442DE5436987}.AppStore|x64.ActiveCfg = Debug|Any CPU
		{B2DA1901-AC0F-48DC-A068-442DE5436987}.AppStore|x64.Build.0 = Debug|Any CPU
		{B2DA1901-AC0F-48DC-A068-442DE5436987}.AppStore|x86.ActiveCfg = Debug|Any CPU
		{B2DA1901-AC0F-48DC-A068-442DE5436987}.AppStore|x86.Build.0 = Debug|Any CPU
		{B2DA1901-AC0F-48DC-A068-442DE5436987}.Debug|Any CPU.ActiveCfg = Debug|Any CPU
		{B2DA1901-AC0F-48DC-A068-442DE5436987}.Debug|Any CPU.Build.0 = Debug|Any CPU
		{B2DA1901-AC0F-48DC-A068-442DE5436987}.Debug|ARM.ActiveCfg = Debug|Any CPU
		{B2DA1901-AC0F-48DC-A068-442DE5436987}.Debug|ARM.Build.0 = Debug|Any CPU
		{B2DA1901-AC0F-48DC-A068-442DE5436987}.Debug|iPhone.ActiveCfg = Debug|Any CPU
		{B2DA1901-AC0F-48DC-A068-442DE5436987}.Debug|iPhone.Build.0 = Debug|Any CPU
		{B2DA1901-AC0F-48DC-A068-442DE5436987}.Debug|iPhoneSimulator.ActiveCfg = Debug|Any CPU
		{B2DA1901-AC0F-48DC-A068-442DE5436987}.Debug|iPhoneSimulator.Build.0 = Debug|Any CPU
		{B2DA1901-AC0F-48DC-A068-442DE5436987}.Debug|x64.ActiveCfg = Debug|Any CPU
		{B2DA1901-AC0F-48DC-A068-442DE5436987}.Debug|x64.Build.0 = Debug|Any CPU
		{B2DA1901-AC0F-48DC-A068-442DE5436987}.Debug|x86.ActiveCfg = Debug|Any CPU
		{B2DA1901-AC0F-48DC-A068-442DE5436987}.Debug|x86.Build.0 = Debug|Any CPU
		{B2DA1901-AC0F-48DC-A068-442DE5436987}.Release|Any CPU.ActiveCfg = Release|Any CPU
		{B2DA1901-AC0F-48DC-A068-442DE5436987}.Release|Any CPU.Build.0 = Release|Any CPU
		{B2DA1901-AC0F-48DC-A068-442DE5436987}.Release|ARM.ActiveCfg = Release|Any CPU
		{B2DA1901-AC0F-48DC-A068-442DE5436987}.Release|ARM.Build.0 = Release|Any CPU
		{B2DA1901-AC0F-48DC-A068-442DE5436987}.Release|iPhone.ActiveCfg = Release|Any CPU
		{B2DA1901-AC0F-48DC-A068-442DE5436987}.Release|iPhone.Build.0 = Release|Any CPU
		{B2DA1901-AC0F-48DC-A068-442DE5436987}.Release|iPhoneSimulator.ActiveCfg = Release|Any CPU
		{B2DA1901-AC0F-48DC-A068-442DE5436987}.Release|iPhoneSimulator.Build.0 = Release|Any CPU
		{B2DA1901-AC0F-48DC-A068-442DE5436987}.Release|x64.ActiveCfg = Release|Any CPU
		{B2DA1901-AC0F-48DC-A068-442DE5436987}.Release|x64.Build.0 = Release|Any CPU
		{B2DA1901-AC0F-48DC-A068-442DE5436987}.Release|x86.ActiveCfg = Release|Any CPU
		{B2DA1901-AC0F-48DC-A068-442DE5436987}.Release|x86.Build.0 = Release|Any CPU
	EndGlobalSection
	GlobalSection(SolutionProperties) = preSolution
		HideSolutionNode = FALSE
	EndGlobalSection
	GlobalSection(NestedProjects) = preSolution
		{7BBB77C2-A75B-4568-A86F-F732A8DD573C} = {004DC352-B9BD-42F1-BD79-07B4FF7B2C5D}
		{B04F8469-3216-428E-8AA9-7EB5EC525F8C} = {004DC352-B9BD-42F1-BD79-07B4FF7B2C5D}
		{CF761FA6-D0F7-406C-B67E-98B4917D6302} = {004DC352-B9BD-42F1-BD79-07B4FF7B2C5D}
		{57F322A5-ADDF-4777-B28E-0BCB071619CA} = {004DC352-B9BD-42F1-BD79-07B4FF7B2C5D}
		{0AF58978-C630-4924-B234-848A159D3485} = {501DAA4F-3FB7-4FBF-9954-2E3111ABF604}
		{D444D37A-3B8E-47FD-9E45-791F02A770D4} = {501DAA4F-3FB7-4FBF-9954-2E3111ABF604}
		{FB3F74FA-6E13-4CF3-A440-8B4525607598} = {501DAA4F-3FB7-4FBF-9954-2E3111ABF604}
		{7C05D3FC-57E3-42E6-B148-E7251F54F64A} = {501DAA4F-3FB7-4FBF-9954-2E3111ABF604}
	EndGlobalSection
	GlobalSection(ExtensibilityGlobals) = postSolution
		SolutionGuid = {1AA822AB-EF06-4DE6-A257-7AD1170402F3}
	EndGlobalSection
EndGlobal
